# @generated - this file is auto-generated by `mise lock` https://mise.en.dev/dev-tools/mise-lock.html

[[tools.tuist]]
version = "4.200.5"
backend = "aqua:tuist/tuist"

[tools.tuist."platforms.linux-arm64"]
checksum = "sha256:2b5a5492870f91d156291a7201f26a96d5fb2fb040589873301724bdb0d2527c"
url = "https://github.com/tuist/tuist/releases/download/4.200.5/tuist-linux-aarch64.tar.gz"

[tools.tuist."platforms.linux-arm64-musl"]
checksum = "sha256:2b5a5492870f91d156291a7201f26a96d5fb2fb040589873301724bdb0d2527c"
url = "https://github.com/tuist/tuist/releases/download/4.200.5/tuist-linux-aarch64.tar.gz"

[tools.tuist."platforms.linux-x64"]
checksum = "sha256:af83376d773e9a160de5eb3340c78066bbf47cccb6dc486fb7bd29c9af3dc2e9"
url = "https://github.com/tuist/tuist/releases/download/4.200.5/tuist-linux-x86_64.tar.gz"

[tools.tuist."platforms.linux-x64-musl"]
checksum = "sha256:af83376d773e9a160de5eb3340c78066bbf47cccb6dc486fb7bd29c9af3dc2e9"
url = "https://github.com/tuist/tuist/releases/download/4.200.5/tuist-linux-x86_64.tar.gz"

[tools.tuist."platforms.macos-arm64"]
checksum = "sha256:f9381b11bdc0b30a7e2a8a63f669dc0f69ba1ce40dc32f427c26ada4d346e58a"
url = "https://github.com/tuist/tuist/releases/download/4.200.5/tuist.zip"

[tools.tuist."platforms.macos-x64"]
checksum = "sha256:f9381b11bdc0b30a7e2a8a63f669dc0f69ba1ce40dc32f427c26ada4d346e58a"
url = "https://github.com/tuist/tuist/releases/download/4.200.5/tuist.zip"
