{
  "originHash" : "36f4d065a97ec62556bd1e99e4bffb3dc9ea1b26ee192fa6e4adf335ffd1689b",
  "pins" : [
    {
      "identity" : "apple.swift-argument-parser",
      "kind" : "registry",
      "location" : "",
      "state" : {
        "version" : "1.7.0"
      }
    },
    {
      "identity" : "kylef.PathKit",
      "kind" : "registry",
      "location" : "",
      "state" : {
        "version" : "1.0.1"
      }
    },
    {
      "identity" : "kylef.Spectre",
      "kind" : "registry",
      "location" : "",
      "state" : {
        "version" : "0.10.1"
      }
    },
    {
      "identity" : "mtj0928.swift-codeowners",
      "kind" : "registry",
      "location" : "",
      "state" : {
        "version" : "0.1.2"
      }
    },
    {
      "identity" : "swiftlang.swift-syntax",
      "kind" : "registry",
      "location" : "",
      "state" : {
        "version" : "602.0.0"
      }
    }
  ],
  "version" : 3
}
