{
  "originHash" : "dce7aec65a04cbd0a5f04394a3bd03860650d4d70722e2b18058f5ddf5347cc4",
  "pins" : [
    {
      "identity" : "swift-argument-parser",
      "kind" : "remoteSourceControl",
      "location" : "https://github.com/apple/swift-argument-parser",
      "state" : {
        "revision" : "cdd0ef3755280949551dc26dee5de9ddeda89f54",
        "version" : "1.6.2"
      }
    },
    {
      "identity" : "swift-codeowners",
      "kind" : "remoteSourceControl",
      "location" : "https://github.com/mtj0928/swift-codeowners",
      "state" : {
        "revision" : "649b0c58468f8cfeb70949cbc9f5e235dbe8d46e",
        "version" : "0.1.1"
      }
    },
    {
      "identity" : "swift-syntax",
      "kind" : "remoteSourceControl",
      "location" : "https://github.com/swiftlang/swift-syntax",
      "state" : {
        "revision" : "4799286537280063c85a32f09884cfbca301b1a1",
        "version" : "602.0.0"
      }
    }
  ],
  "version" : 3
}
